
Microsoft Visual Studio Solution File, Format Version 12.00
# Visual Studio 15
VisualStudioVersion = 15.0.28307.2017
MinimumVisualStudioVersion = 10.0.40219.1
Project("{8BC9CEB8-8B4A-11D0-8D11-00A0C91BC942}") = "ALARM", "ALARM\ALARM.vcxproj", "{718C27C1-7E13-4E16-8C78-0479A7FBAC74}"
EndProject
Global
	GlobalSection(SolutionConfigurationPlatforms) = preSolution
		Debug|x64 = Debug|x64
		Debug|x86 = Debug|x86
		Release|x64 = Release|x64
		Release|x86 = Release|x86
	EndGlobalSection
	GlobalSection(ProjectConfigurationPlatforms) = postSolution
		{718C27C1-7E13-4E16-8C78-0479A7FBAC74}.Debug|x64.ActiveCfg = Debug|x64
		{718C27C1-7E13-4E16-8C78-0479A7FBAC74}.Debug|x64.Build.0 = Debug|x64
		{718C27C1-7E13-4E16-8C78-0479A7FBAC74}.Debug|x86.ActiveCfg = Debug|Win32
		{718C27C1-7E13-4E16-8C78-0479A7FBAC74}.Debug|x86.Build.0 = Debug|Win32
		{718C27C1-7E13-4E16-8C78-0479A7FBAC74}.Release|x64.ActiveCfg = Release|x64
		{718C27C1-7E13-4E16-8C78-0479A7FBAC74}.Release|x64.Build.0 = Release|x64
		{718C27C1-7E13-4E16-8C78-0479A7FBAC74}.Release|x86.ActiveCfg = Release|Win32
		{718C27C1-7E13-4E16-8C78-0479A7FBAC74}.Release|x86.Build.0 = Release|Win32
	EndGlobalSection
	GlobalSection(SolutionProperties) = preSolution
		HideSolutionNode = FALSE
	EndGlobalSection
	GlobalSection(ExtensibilityGlobals) = postSolution
		SolutionGuid = {E8D72FCD-6993-4BE6-8D85-5622329CB94E}
	EndGlobalSection
EndGlobal
